
Microsoft Visual Studio Solution File, Format Version 12.00
# Visual Studio Version 17
VisualStudioVersion = 17.1.32421.90
MinimumVisualStudioVersion = 10.0.40219.1
Project("{9A19103F-16F7-4668-BE54-9A1E7A4F7556}") = "Valorant.API", "Valorant.API\Valorant.API.csproj", "{B9CB6253-F7DE-4CCC-877B-7BC3EF2EC38C}"
EndProject
Project("{9A19103F-16F7-4668-BE54-9A1E7A4F7556}") = "Valorant.Entities", "Valorant.Entities\Valorant.Entities.csproj", "{121F39B3-AB6B-4E72-AC93-57B31D65B0EB}"
EndProject
Project("{FAE04EC0-301F-11D3-BF4B-00C04F79EFBC}") = "Valorant.Business", "Valorant.Business\Valorant.Business.csproj", "{B932D264-CF16-4F1A-A2E4-7EA472365056}"
EndProject
Project("{FAE04EC0-301F-11D3-BF4B-00C04F79EFBC}") = "Valorant.DataAccess", "Valorant.DataAccess\Valorant.DataAccess.csproj", "{7FB6D4E5-6F5E-40AE-B150-A4DDEE064CF5}"
EndProject
Project("{FAE04EC0-301F-11D3-BF4B-00C04F79EFBC}") = "Valorant.DTO", "Valorant.DTO\Valorant.DTO.csproj", "{18875A1F-3E98-4EA1-99ED-64F3267AD06B}"
EndProject
Global
	GlobalSection(SolutionConfigurationPlatforms) = preSolution
		Debug|Any CPU = Debug|Any CPU
		Release|Any CPU = Release|Any CPU
	EndGlobalSection
	GlobalSection(ProjectConfigurationPlatforms) = postSolution
		{B9CB6253-F7DE-4CCC-877B-7BC3EF2EC38C}.Debug|Any CPU.ActiveCfg = Debug|Any CPU
		{B9CB6253-F7DE-4CCC-877B-7BC3EF2EC38C}.Debug|Any CPU.Build.0 = Debug|Any CPU
		{B9CB6253-F7DE-4CCC-877B-7BC3EF2EC38C}.Release|Any CPU.ActiveCfg = Release|Any CPU
		{B9CB6253-F7DE-4CCC-877B-7BC3EF2EC38C}.Release|Any CPU.Build.0 = Release|Any CPU
		{121F39B3-AB6B-4E72-AC93-57B31D65B0EB}.Debug|Any CPU.ActiveCfg = Debug|Any CPU
		{121F39B3-AB6B-4E72-AC93-57B31D65B0EB}.Debug|Any CPU.Build.0 = Debug|Any CPU
		{121F39B3-AB6B-4E72-AC93-57B31D65B0EB}.Release|Any CPU.ActiveCfg = Release|Any CPU
		{121F39B3-AB6B-4E72-AC93-57B31D65B0EB}.Release|Any CPU.Build.0 = Release|Any CPU
		{B932D264-CF16-4F1A-A2E4-7EA472365056}.Debug|Any CPU.ActiveCfg = Debug|Any CPU
		{B932D264-CF16-4F1A-A2E4-7EA472365056}.Debug|Any CPU.Build.0 = Debug|Any CPU
		{B932D264-CF16-4F1A-A2E4-7EA472365056}.Release|Any CPU.ActiveCfg = Release|Any CPU
		{B932D264-CF16-4F1A-A2E4-7EA472365056}.Release|Any CPU.Build.0 = Release|Any CPU
		{7FB6D4E5-6F5E-40AE-B150-A4DDEE064CF5}.Debug|Any CPU.ActiveCfg = Debug|Any CPU
		{7FB6D4E5-6F5E-40AE-B150-A4DDEE064CF5}.Debug|Any CPU.Build.0 = Debug|Any CPU
		{7FB6D4E5-6F5E-40AE-B150-A4DDEE064CF5}.Release|Any CPU.ActiveCfg = Release|Any CPU
		{7FB6D4E5-6F5E-40AE-B150-A4DDEE064CF5}.Release|Any CPU.Build.0 = Release|Any CPU
		{18875A1F-3E98-4EA1-99ED-64F3267AD06B}.Debug|Any CPU.ActiveCfg = Debug|Any CPU
		{18875A1F-3E98-4EA1-99ED-64F3267AD06B}.Debug|Any CPU.Build.0 = Debug|Any CPU
		{18875A1F-3E98-4EA1-99ED-64F3267AD06B}.Release|Any CPU.ActiveCfg = Release|Any CPU
		{18875A1F-3E98-4EA1-99ED-64F3267AD06B}.Release|Any CPU.Build.0 = Release|Any CPU
	EndGlobalSection
	GlobalSection(SolutionProperties) = preSolution
		HideSolutionNode = FALSE
	EndGlobalSection
	GlobalSection(ExtensibilityGlobals) = postSolution
		SolutionGuid = {944189AF-E8E8-4D0C-A274-9A5348A56F13}
	EndGlobalSection
EndGlobal
